
Microsoft Visual Studio Solution File, Format Version 12.00
# Visual Studio Version 17
VisualStudioVersion = 17.14.36623.8 d17.14
MinimumVisualStudioVersion = 10.0.40219.1
Project("{FAE04EC0-301F-11D3-BF4B-00C04F79EFBC}") = "quickSort", "quickSort\quickSort.csproj", "{09AF7A93-0A71-45A9-B410-C668749E2023}"
EndProject
Global
	GlobalSection(SolutionConfigurationPlatforms) = preSolution
		Debug|Any CPU = Debug|Any CPU
		Release|Any CPU = Release|Any CPU
	EndGlobalSection
	GlobalSection(ProjectConfigurationPlatforms) = postSolution
		{09AF7A93-0A71-45A9-B410-C668749E2023}.Debug|Any CPU.ActiveCfg = Debug|Any CPU
		{09AF7A93-0A71-45A9-B410-C668749E2023}.Debug|Any CPU.Build.0 = Debug|Any CPU
		{09AF7A93-0A71-45A9-B410-C668749E2023}.Release|Any CPU.ActiveCfg = Release|Any CPU
		{09AF7A93-0A71-45A9-B410-C668749E2023}.Release|Any CPU.Build.0 = Release|Any CPU
	EndGlobalSection
	GlobalSection(SolutionProperties) = preSolution
		HideSolutionNode = FALSE
	EndGlobalSection
	GlobalSection(ExtensibilityGlobals) = postSolution
		SolutionGuid = {3D3C290A-E8F7-4459-ACE0-D8605253F894}
	EndGlobalSection
EndGlobal
