
Microsoft Visual Studio Solution File, Format Version 12.00
# Visual Studio Version 17
VisualStudioVersion = 17.14.36623.8 d17.14
MinimumVisualStudioVersion = 10.0.40219.1
Project("{FAE04EC0-301F-11D3-BF4B-00C04F79EFBC}") = "sortowanieprzezkopcowanie", "sortowanieprzezkopcowanie\sortowanieprzezkopcowanie.csproj", "{F315561B-53F9-4159-81D1-EB4774199E4B}"
EndProject
Global
	GlobalSection(SolutionConfigurationPlatforms) = preSolution
		Debug|Any CPU = Debug|Any CPU
		Release|Any CPU = Release|Any CPU
	EndGlobalSection
	GlobalSection(ProjectConfigurationPlatforms) = postSolution
		{F315561B-53F9-4159-81D1-EB4774199E4B}.Debug|Any CPU.ActiveCfg = Debug|Any CPU
		{F315561B-53F9-4159-81D1-EB4774199E4B}.Debug|Any CPU.Build.0 = Debug|Any CPU
		{F315561B-53F9-4159-81D1-EB4774199E4B}.Release|Any CPU.ActiveCfg = Release|Any CPU
		{F315561B-53F9-4159-81D1-EB4774199E4B}.Release|Any CPU.Build.0 = Release|Any CPU
	EndGlobalSection
	GlobalSection(SolutionProperties) = preSolution
		HideSolutionNode = FALSE
	EndGlobalSection
	GlobalSection(ExtensibilityGlobals) = postSolution
		SolutionGuid = {E1D74513-FDC6-4522-87E2-7BE8E32625DB}
	EndGlobalSection
EndGlobal
