
Microsoft Visual Studio Solution File, Format Version 12.00
# Visual Studio Version 17
VisualStudioVersion = 17.3.32922.545
MinimumVisualStudioVersion = 10.0.40219.1
Project("{FAE04EC0-301F-11D3-BF4B-00C04F79EFBC}") = "mergesort_Algorithm", "mergesort_Algorithm.csproj", "{C5E68478-79DB-4195-943A-87712B565C17}"
EndProject
Global
	GlobalSection(SolutionConfigurationPlatforms) = preSolution
		Debug|Any CPU = Debug|Any CPU
		Release|Any CPU = Release|Any CPU
	EndGlobalSection
	GlobalSection(ProjectConfigurationPlatforms) = postSolution
		{C5E68478-79DB-4195-943A-87712B565C17}.Debug|Any CPU.ActiveCfg = Debug|Any CPU
		{C5E68478-79DB-4195-943A-87712B565C17}.Debug|Any CPU.Build.0 = Debug|Any CPU
		{C5E68478-79DB-4195-943A-87712B565C17}.Release|Any CPU.ActiveCfg = Release|Any CPU
		{C5E68478-79DB-4195-943A-87712B565C17}.Release|Any CPU.Build.0 = Release|Any CPU
	EndGlobalSection
	GlobalSection(SolutionProperties) = preSolution
		HideSolutionNode = FALSE
	EndGlobalSection
	GlobalSection(ExtensibilityGlobals) = postSolution
		SolutionGuid = {58E99B8D-7952-4FB2-8AAF-3D3EFE2B0CF7}
	EndGlobalSection
EndGlobal
