
Microsoft Visual Studio Solution File, Format Version 12.00
# Visual Studio Version 17
VisualStudioVersion = 17.14.36623.8 d17.14
MinimumVisualStudioVersion = 10.0.40219.1
Project("{FAE04EC0-301F-11D3-BF4B-00C04F79EFBC}") = "sortowanieprzezscalanie", "sortowanieprzezscalanie\sortowanieprzezscalanie.csproj", "{5956818B-88D7-4EC2-882A-03E1821AA5F5}"
EndProject
Global
	GlobalSection(SolutionConfigurationPlatforms) = preSolution
		Debug|Any CPU = Debug|Any CPU
		Release|Any CPU = Release|Any CPU
	EndGlobalSection
	GlobalSection(ProjectConfigurationPlatforms) = postSolution
		{5956818B-88D7-4EC2-882A-03E1821AA5F5}.Debug|Any CPU.ActiveCfg = Debug|Any CPU
		{5956818B-88D7-4EC2-882A-03E1821AA5F5}.Debug|Any CPU.Build.0 = Debug|Any CPU
		{5956818B-88D7-4EC2-882A-03E1821AA5F5}.Release|Any CPU.ActiveCfg = Release|Any CPU
		{5956818B-88D7-4EC2-882A-03E1821AA5F5}.Release|Any CPU.Build.0 = Release|Any CPU
	EndGlobalSection
	GlobalSection(SolutionProperties) = preSolution
		HideSolutionNode = FALSE
	EndGlobalSection
	GlobalSection(ExtensibilityGlobals) = postSolution
		SolutionGuid = {CA677D9F-2AC0-41FE-88B3-F60B355C4D16}
	EndGlobalSection
EndGlobal
