
Microsoft Visual Studio Solution File, Format Version 12.00
# Visual Studio Version 17
VisualStudioVersion = 17.14.36518.9 d17.14
MinimumVisualStudioVersion = 10.0.40219.1
Project("{FAE04EC0-301F-11D3-BF4B-00C04F79EFBC}") = "bubbleSortV3", "bubbleSortV3\bubbleSortV3.csproj", "{EA5B6BC5-B4B8-44A4-BDA4-BB1AF72A86A1}"
EndProject
Global
	GlobalSection(SolutionConfigurationPlatforms) = preSolution
		Debug|Any CPU = Debug|Any CPU
		Release|Any CPU = Release|Any CPU
	EndGlobalSection
	GlobalSection(ProjectConfigurationPlatforms) = postSolution
		{EA5B6BC5-B4B8-44A4-BDA4-BB1AF72A86A1}.Debug|Any CPU.ActiveCfg = Debug|Any CPU
		{EA5B6BC5-B4B8-44A4-BDA4-BB1AF72A86A1}.Debug|Any CPU.Build.0 = Debug|Any CPU
		{EA5B6BC5-B4B8-44A4-BDA4-BB1AF72A86A1}.Release|Any CPU.ActiveCfg = Release|Any CPU
		{EA5B6BC5-B4B8-44A4-BDA4-BB1AF72A86A1}.Release|Any CPU.Build.0 = Release|Any CPU
	EndGlobalSection
	GlobalSection(SolutionProperties) = preSolution
		HideSolutionNode = FALSE
	EndGlobalSection
	GlobalSection(ExtensibilityGlobals) = postSolution
		SolutionGuid = {FC0FB764-C864-42B8-A0F8-F90F0621230D}
	EndGlobalSection
EndGlobal
